
Microsoft Visual Studio Solution File, Format Version 12.00
# Visual Studio 15
VisualStudioVersion = 15.0.27130.2027
MinimumVisualStudioVersion = 10.0.40219.1
Project("{FAE04EC0-301F-11D3-BF4B-00C04F79EFBC}") = "WebApplication2", "WebApplication2\WebApplication2.csproj", "{0D345E03-A171-4C3B-B909-514C77CFEAE8}"
EndProject
Project("{FAE04EC0-301F-11D3-BF4B-00C04F79EFBC}") = "WebApplication2.Tests", "WebApplication2.Tests\WebApplication2.Tests.csproj", "{F05ABAA2-88C2-4C32-A383-BF270B64DEA6}"
EndProject
Global
	GlobalSection(SolutionConfigurationPlatforms) = preSolution
		Debug|Any CPU = Debug|Any CPU
		Release|Any CPU = Release|Any CPU
	EndGlobalSection
	GlobalSection(ProjectConfigurationPlatforms) = postSolution
		{0D345E03-A171-4C3B-B909-514C77CFEAE8}.Debug|Any CPU.ActiveCfg = Debug|Any CPU
		{0D345E03-A171-4C3B-B909-514C77CFEAE8}.Debug|Any CPU.Build.0 = Debug|Any CPU
		{0D345E03-A171-4C3B-B909-514C77CFEAE8}.Release|Any CPU.ActiveCfg = Release|Any CPU
		{0D345E03-A171-4C3B-B909-514C77CFEAE8}.Release|Any CPU.Build.0 = Release|Any CPU
		{F05ABAA2-88C2-4C32-A383-BF270B64DEA6}.Debug|Any CPU.ActiveCfg = Debug|Any CPU
		{F05ABAA2-88C2-4C32-A383-BF270B64DEA6}.Debug|Any CPU.Build.0 = Debug|Any CPU
		{F05ABAA2-88C2-4C32-A383-BF270B64DEA6}.Release|Any CPU.ActiveCfg = Release|Any CPU
		{F05ABAA2-88C2-4C32-A383-BF270B64DEA6}.Release|Any CPU.Build.0 = Release|Any CPU
	EndGlobalSection
	GlobalSection(SolutionProperties) = preSolution
		HideSolutionNode = FALSE
	EndGlobalSection
	GlobalSection(ExtensibilityGlobals) = postSolution
		SolutionGuid = {1F4AAB1D-6530-4D79-B7D7-E63DC5E2FB68}
	EndGlobalSection
EndGlobal
